
Microsoft Visual Studio Solution File, Format Version 12.00
# Visual Studio 15
VisualStudioVersion = 15.0.26730.15
MinimumVisualStudioVersion = 10.0.40219.1
Project("{FAE04EC0-301F-11D3-BF4B-00C04F79EFBC}") = "DebitCardNumber", "HomeWork1-23Sep\DebitCardNumber.csproj", "{17EE8145-5B3D-4DB9-A43B-3C5FC1752811}"
EndProject
Project("{FAE04EC0-301F-11D3-BF4B-00C04F79EFBC}") = "RectangleArea", "RectangleArea\RectangleArea.csproj", "{D0E694AE-C53C-4A40-8C64-B6C037273259}"
EndProject
Project("{FAE04EC0-301F-11D3-BF4B-00C04F79EFBC}") = "MilesToKilometers", "MilesToKilometers\MilesToKilometers.csproj", "{F019AE57-59D5-4B1A-BEB4-330EF858EFCE}"
EndProject
Project("{FAE04EC0-301F-11D3-BF4B-00C04F79EFBC}") = "BeverageLabels", "BeverageLabels\BeverageLabels.csproj", "{71D42C37-E417-45FF-9F97-FD028B7A4F7E}"
EndProject
Project("{FAE04EC0-301F-11D3-BF4B-00C04F79EFBC}") = "CharacterStats", "CharacterStats\CharacterStats.csproj", "{3C7168B6-7D93-44A8-8CBE-78C30447087D}"
EndProject
Global
	GlobalSection(SolutionConfigurationPlatforms) = preSolution
		Debug|Any CPU = Debug|Any CPU
		Release|Any CPU = Release|Any CPU
	EndGlobalSection
	GlobalSection(ProjectConfigurationPlatforms) = postSolution
		{17EE8145-5B3D-4DB9-A43B-3C5FC1752811}.Debug|Any CPU.ActiveCfg = Debug|Any CPU
		{17EE8145-5B3D-4DB9-A43B-3C5FC1752811}.Debug|Any CPU.Build.0 = Debug|Any CPU
		{17EE8145-5B3D-4DB9-A43B-3C5FC1752811}.Release|Any CPU.ActiveCfg = Release|Any CPU
		{17EE8145-5B3D-4DB9-A43B-3C5FC1752811}.Release|Any CPU.Build.0 = Release|Any CPU
		{D0E694AE-C53C-4A40-8C64-B6C037273259}.Debug|Any CPU.ActiveCfg = Debug|Any CPU
		{D0E694AE-C53C-4A40-8C64-B6C037273259}.Debug|Any CPU.Build.0 = Debug|Any CPU
		{D0E694AE-C53C-4A40-8C64-B6C037273259}.Release|Any CPU.ActiveCfg = Release|Any CPU
		{D0E694AE-C53C-4A40-8C64-B6C037273259}.Release|Any CPU.Build.0 = Release|Any CPU
		{F019AE57-59D5-4B1A-BEB4-330EF858EFCE}.Debug|Any CPU.ActiveCfg = Debug|Any CPU
		{F019AE57-59D5-4B1A-BEB4-330EF858EFCE}.Debug|Any CPU.Build.0 = Debug|Any CPU
		{F019AE57-59D5-4B1A-BEB4-330EF858EFCE}.Release|Any CPU.ActiveCfg = Release|Any CPU
		{F019AE57-59D5-4B1A-BEB4-330EF858EFCE}.Release|Any CPU.Build.0 = Release|Any CPU
		{71D42C37-E417-45FF-9F97-FD028B7A4F7E}.Debug|Any CPU.ActiveCfg = Debug|Any CPU
		{71D42C37-E417-45FF-9F97-FD028B7A4F7E}.Debug|Any CPU.Build.0 = Debug|Any CPU
		{71D42C37-E417-45FF-9F97-FD028B7A4F7E}.Release|Any CPU.ActiveCfg = Release|Any CPU
		{71D42C37-E417-45FF-9F97-FD028B7A4F7E}.Release|Any CPU.Build.0 = Release|Any CPU
		{3C7168B6-7D93-44A8-8CBE-78C30447087D}.Debug|Any CPU.ActiveCfg = Debug|Any CPU
		{3C7168B6-7D93-44A8-8CBE-78C30447087D}.Debug|Any CPU.Build.0 = Debug|Any CPU
		{3C7168B6-7D93-44A8-8CBE-78C30447087D}.Release|Any CPU.ActiveCfg = Release|Any CPU
		{3C7168B6-7D93-44A8-8CBE-78C30447087D}.Release|Any CPU.Build.0 = Release|Any CPU
	EndGlobalSection
	GlobalSection(SolutionProperties) = preSolution
		HideSolutionNode = FALSE
	EndGlobalSection
	GlobalSection(ExtensibilityGlobals) = postSolution
		SolutionGuid = {A609F30E-1C75-41CF-9826-ED4B2451AA66}
	EndGlobalSection
EndGlobal
